{
  "name": "playbook-webpush-test",
  "version": "1.0.0",
  "lockfileVersion": 3,
  "requires": true,
  "packages": {
    "": {
      "name": "playbook-webpush-test",
      "version": "1.0.0",
      "dependencies": {
        "http_ece": "^1.2.0"
      }
    },
    "node_modules/http_ece": {
      "version": "1.2.1",
      "resolved": "https://registry.npmjs.org/http_ece/-/http_ece-1.2.1.tgz",
      "integrity": "sha512-+tzLoMYgXvicu60sVFoswTiu6BiQ6EX3DORRJQ3W2dNpNWCyZ3tcmRFZZ3jgVyw8ziWUCeUARKCkYDY6JgFx+w==",
      "license": "MIT",
      "engines": {
        "node": ">=16"
      }
    }
  }
}
